// !$*UTF8*$!
{
	archiveVersion = 1;
	classes = {
	};
	objectVersion = 46;
	objects = {

/* Begin PBXBuildFile section */
		5A1AA4B6E1AA891E750C402B /* StopSchedulesResourcesBuilder.swift in Sources */ = {isa = PBXBuildFile; fileRef = 5A1AA3DC8438903DD475DD9B /* StopSchedulesResourcesBuilder.swift */; };
		5A1AA9295E466D16B22816C0 /* main.swift in Sources */ = {isa = PBXBuildFile; fileRef = 5A1AA40E3B4FDF68EA0AC5C5 /* main.swift */; };
/* End PBXBuildFile section */

/* Begin PBXCopyFilesBuildPhase section */
		5A1AABF50B06EE9323D92C7F /* CopyFiles */ = {
			isa = PBXCopyFilesBuildPhase;
			buildActionMask = 2147483647;
			dstPath = /usr/share/man/man1/;
			dstSubfolderSpec = 0;
			files = (
			);
			runOnlyForDeploymentPostprocessing = 1;
		};
/* End PBXCopyFilesBuildPhase section */

/* Begin PBXFileReference section */
		5A1AA3DC8438903DD475DD9B /* StopSchedulesResourcesBuilder.swift */ = {isa = PBXFileReference; fileEncoding = 4; lastKnownFileType = sourcecode.swift; path = StopSchedulesResourcesBuilder.swift; sourceTree = "<group>"; };
		5A1AA40E3B4FDF68EA0AC5C5 /* main.swift */ = {isa = PBXFileReference; lastKnownFileType = sourcecode.swift; path = main.swift; sourceTree = "<group>"; };
		5A1AA8A380B0BF3700AE6596 /* withjsonschema */ = {isa = PBXFileReference; explicitFileType = "compiled.mach-o.executable"; includeInIndex = 0; path = withjsonschema; sourceTree = BUILT_PRODUCTS_DIR; };
/* End PBXFileReference section */

/* Begin PBXFrameworksBuildPhase section */
		5A1AA466FE5DA6709B7CB381 /* Frameworks */ = {
			isa = PBXFrameworksBuildPhase;
			buildActionMask = 2147483647;
			files = (
			);
			runOnlyForDeploymentPostprocessing = 0;
		};
/* End PBXFrameworksBuildPhase section */

/* Begin PBXGroup section */
		5A1AA185D62659F4A8EC82D3 = {
			isa = PBXGroup;
			children = (
				5A1AA3CBF37A55360BCC4A36 /* Products */,
				5A1AA248439371F66B7FC425 /* withjsonschema */,
			);
			sourceTree = "<group>";
		};
		5A1AA248439371F66B7FC425 /* withjsonschema */ = {
			isa = PBXGroup;
			children = (
				5A1AA40E3B4FDF68EA0AC5C5 /* main.swift */,
				5A1AA3DC8438903DD475DD9B /* StopSchedulesResourcesBuilder.swift */,
			);
			path = withjsonschema;
			sourceTree = "<group>";
		};
		5A1AA3CBF37A55360BCC4A36 /* Products */ = {
			isa = PBXGroup;
			children = (
				5A1AA8A380B0BF3700AE6596 /* withjsonschema */,
			);
			name = Products;
			sourceTree = "<group>";
		};
/* End PBXGroup section */

/* Begin PBXNativeTarget section */
		5A1AAC27EF34DF6674F47C6D /* withjsonschema */ = {
			isa = PBXNativeTarget;
			buildConfigurationList = 5A1AA0FFB496C10A912DB8F6 /* Build configuration list for PBXNativeTarget "withjsonschema" */;
			buildPhases = (
				5A1AAC2C121201E73D082571 /* Sources */,
				5A1AA466FE5DA6709B7CB381 /* Frameworks */,
				5A1AABF50B06EE9323D92C7F /* CopyFiles */,
			);
			buildRules = (
			);
			dependencies = (
			);
			name = withjsonschema;
			productName = withjsonschema;
			productReference = 5A1AA8A380B0BF3700AE6596 /* withjsonschema */;
			productType = "com.apple.product-type.tool";
		};
/* End PBXNativeTarget section */

/* Begin PBXProject section */
		5A1AA28E9704BB017468520F /* Project object */ = {
			isa = PBXProject;
			attributes = {
				ORGANIZATIONNAME = "Kisio Digital";
			};
			buildConfigurationList = 5A1AA55040E252B2036C02E7 /* Build configuration list for PBXProject "withjsonschema" */;
			compatibilityVersion = "Xcode 3.2";
			developmentRegion = English;
			hasScannedForEncodings = 0;
			knownRegions = (
				en,
			);
			mainGroup = 5A1AA185D62659F4A8EC82D3;
			productRefGroup = 5A1AA3CBF37A55360BCC4A36 /* Products */;
			projectDirPath = "";
			projectRoot = "";
			targets = (
				5A1AAC27EF34DF6674F47C6D /* withjsonschema */,
			);
		};
/* End PBXProject section */

/* Begin PBXSourcesBuildPhase section */
		5A1AAC2C121201E73D082571 /* Sources */ = {
			isa = PBXSourcesBuildPhase;
			buildActionMask = 2147483647;
			files = (
				5A1AA9295E466D16B22816C0 /* main.swift in Sources */,
				5A1AA4B6E1AA891E750C402B /* StopSchedulesResourcesBuilder.swift in Sources */,
			);
			runOnlyForDeploymentPostprocessing = 0;
		};
/* End PBXSourcesBuildPhase section */

/* Begin XCBuildConfiguration section */
		5A1AA29A4F759C58243F3324 /* Debug */ = {
			isa = XCBuildConfiguration;
			buildSettings = {
				PRODUCT_NAME = "$(TARGET_NAME)";
				SWIFT_VERSION = 3.0;
			};
			name = Debug;
		};
		5A1AA431AC6DFC947807D3F5 /* Debug */ = {
			isa = XCBuildConfiguration;
			buildSettings = {
				ALWAYS_SEARCH_USER_PATHS = NO;
				CLANG_ANALYZER_NONNULL = YES;
				CLANG_CXX_LANGUAGE_STANDARD = "gnu++0x";
				CLANG_CXX_LIBRARY = "libc++";
				CLANG_ENABLE_MODULES = YES;
				CLANG_ENABLE_OBJC_ARC = YES;
				CLANG_WARN_BOOL_CONVERSION = YES;
				CLANG_WARN_CONSTANT_CONVERSION = YES;
				CLANG_WARN_DIRECT_OBJC_ISA_USAGE = YES_ERROR;
				CLANG_WARN_DOCUMENTATION_COMMENTS = YES;
				CLANG_WARN_EMPTY_BODY = YES;
				CLANG_WARN_ENUM_CONVERSION = YES;
				CLANG_WARN_INFINITE_RECURSION = YES;
				CLANG_WARN_INT_CONVERSION = YES;
				CLANG_WARN_OBJC_ROOT_CLASS = YES_ERROR;
				CLANG_WARN_SUSPICIOUS_MOVES = YES;
				CLANG_WARN_UNREACHABLE_CODE = YES;
				CLANG_WARN__DUPLICATE_METHOD_MATCH = YES;
				CODE_SIGN_IDENTITY = "-";
				COPY_PHASE_STRIP = NO;
				DEBUG_INFORMATION_FORMAT = dwarf;
				ENABLE_STRICT_OBJC_MSGSEND = YES;
				ENABLE_TESTABILITY = YES;
				GCC_C_LANGUAGE_STANDARD = gnu99;
				GCC_DYNAMIC_NO_PIC = NO;
				GCC_NO_COMMON_BLOCKS = YES;
				GCC_OPTIMIZATION_LEVEL = 0;
				GCC_PREPROCESSOR_DEFINITIONS = (
					"DEBUG=1",
					"$(inherited)",
				);
				GCC_WARN_64_TO_32_BIT_CONVERSION = YES;
				GCC_WARN_ABOUT_RETURN_TYPE = YES_ERROR;
				GCC_WARN_UNDECLARED_SELECTOR = YES;
				GCC_WARN_UNINITIALIZED_AUTOS = YES_AGGRESSIVE;
				GCC_WARN_UNUSED_FUNCTION = YES;
				GCC_WARN_UNUSED_VARIABLE = YES;
				MACOSX_DEPLOYMENT_TARGET = 10.11;
				MTL_ENABLE_DEBUG_INFO = YES;
				ONLY_ACTIVE_ARCH = YES;
				SDKROOT = macosx;
				SWIFT_OPTIMIZATION_LEVEL = "-Onone";
			};
			name = Debug;
		};
		5A1AA61D2310DC82F164C574 /* Release */ = {
			isa = XCBuildConfiguration;
			buildSettings = {
				ALWAYS_SEARCH_USER_PATHS = NO;
				CLANG_ANALYZER_NONNULL = YES;
				CLANG_CXX_LANGUAGE_STANDARD = "gnu++0x";
				CLANG_CXX_LIBRARY = "libc++";
				CLANG_ENABLE_MODULES = YES;
				CLANG_ENABLE_OBJC_ARC = YES;
				CLANG_WARN_BOOL_CONVERSION = YES;
				CLANG_WARN_CONSTANT_CONVERSION = YES;
				CLANG_WARN_DIRECT_OBJC_ISA_USAGE = YES_ERROR;
				CLANG_WARN_DOCUMENTATION_COMMENTS = YES;
				CLANG_WARN_EMPTY_BODY = YES;
				CLANG_WARN_ENUM_CONVERSION = YES;
				CLANG_WARN_INFINITE_RECURSION = YES;
				CLANG_WARN_INT_CONVERSION = YES;
				CLANG_WARN_OBJC_ROOT_CLASS = YES_ERROR;
				CLANG_WARN_SUSPICIOUS_MOVES = YES;
				CLANG_WARN_UNREACHABLE_CODE = YES;
				CLANG_WARN__DUPLICATE_METHOD_MATCH = YES;
				CODE_SIGN_IDENTITY = "-";
				COPY_PHASE_STRIP = NO;
				DEBUG_INFORMATION_FORMAT = "dwarf-with-dsym";
				ENABLE_NS_ASSERTIONS = NO;
				ENABLE_STRICT_OBJC_MSGSEND = YES;
				GCC_C_LANGUAGE_STANDARD = gnu99;
				GCC_NO_COMMON_BLOCKS = YES;
				GCC_WARN_64_TO_32_BIT_CONVERSION = YES;
				GCC_WARN_ABOUT_RETURN_TYPE = YES_ERROR;
				GCC_WARN_UNDECLARED_SELECTOR = YES;
				GCC_WARN_UNINITIALIZED_AUTOS = YES_AGGRESSIVE;
				GCC_WARN_UNUSED_FUNCTION = YES;
				GCC_WARN_UNUSED_VARIABLE = YES;
				MACOSX_DEPLOYMENT_TARGET = 10.11;
				MTL_ENABLE_DEBUG_INFO = NO;
				SDKROOT = macosx;
			};
			name = Release;
		};
		5A1AAF1CE88ABF452BE7F30F /* Release */ = {
			isa = XCBuildConfiguration;
			buildSettings = {
				PRODUCT_NAME = "$(TARGET_NAME)";
				SWIFT_VERSION = 3.0;
			};
			name = Release;
		};
/* End XCBuildConfiguration section */

/* Begin XCConfigurationList section */
		5A1AA0FFB496C10A912DB8F6 /* Build configuration list for PBXNativeTarget "withjsonschema" */ = {
			isa = XCConfigurationList;
			buildConfigurations = (
				5A1AA29A4F759C58243F3324 /* Debug */,
				5A1AAF1CE88ABF452BE7F30F /* Release */,
			);
			defaultConfigurationIsVisible = 0;
		};
		5A1AA55040E252B2036C02E7 /* Build configuration list for PBXProject "withjsonschema" */ = {
			isa = XCConfigurationList;
			buildConfigurations = (
				5A1AA431AC6DFC947807D3F5 /* Debug */,
				5A1AA61D2310DC82F164C574 /* Release */,
			);
			defaultConfigurationIsVisible = 0;
			defaultConfigurationName = Release;
		};
/* End XCConfigurationList section */
	};
	rootObject = 5A1AA28E9704BB017468520F /* Project object */;
}
