// !$*UTF8*$!
{
	archiveVersion = 1;
	classes = {
	};
	objectVersion = 46;
	objects = {

/* Begin PBXBuildFile section */
		FE4CEEEB1E76D57900B99CBC /* NavitiaAccess.framework in Frameworks */ = {isa = PBXBuildFile; fileRef = FE4CEEEA1E76D55D00B99CBC /* NavitiaAccess.framework */; };
		FE4CEEEC1E76D57900B99CBC /* NavitiaAccess.framework in Embed Frameworks */ = {isa = PBXBuildFile; fileRef = FE4CEEEA1E76D55D00B99CBC /* NavitiaAccess.framework */; settings = {ATTRIBUTES = (CodeSignOnCopy, RemoveHeadersOnCopy, ); }; };
		FE68BC571E7BED0C00D9F9A4 /* AnotherViewController.swift in Sources */ = {isa = PBXBuildFile; fileRef = FE68BC561E7BED0C00D9F9A4 /* AnotherViewController.swift */; };
		FEE3DDD21E71646C00B278F4 /* AppDelegate.swift in Sources */ = {isa = PBXBuildFile; fileRef = FEE3DDD11E71646C00B278F4 /* AppDelegate.swift */; };
		FEE3DDD41E71646C00B278F4 /* ViewController.swift in Sources */ = {isa = PBXBuildFile; fileRef = FEE3DDD31E71646C00B278F4 /* ViewController.swift */; };
		FEE3DDD71E71646C00B278F4 /* Main.storyboard in Resources */ = {isa = PBXBuildFile; fileRef = FEE3DDD51E71646C00B278F4 /* Main.storyboard */; };
		FEE3DDD91E71646C00B278F4 /* Assets.xcassets in Resources */ = {isa = PBXBuildFile; fileRef = FEE3DDD81E71646C00B278F4 /* Assets.xcassets */; };
		FEE3DDDC1E71646C00B278F4 /* LaunchScreen.storyboard in Resources */ = {isa = PBXBuildFile; fileRef = FEE3DDDA1E71646C00B278F4 /* LaunchScreen.storyboard */; };
/* End PBXBuildFile section */

/* Begin PBXContainerItemProxy section */
		FE4CEEE91E76D55D00B99CBC /* PBXContainerItemProxy */ = {
			isa = PBXContainerItemProxy;
			containerPortal = FE4CEEE51E76D55C00B99CBC /* NavitiaAccess.xcodeproj */;
			proxyType = 2;
			remoteGlobalIDString = FE4CEEDA1E76D4E000B99CBC;
			remoteInfo = NavitiaAccess;
		};
		FE4CEEED1E76D57900B99CBC /* PBXContainerItemProxy */ = {
			isa = PBXContainerItemProxy;
			containerPortal = FE4CEEE51E76D55C00B99CBC /* NavitiaAccess.xcodeproj */;
			proxyType = 1;
			remoteGlobalIDString = FE4CEED91E76D4E000B99CBC;
			remoteInfo = NavitiaAccess;
		};
/* End PBXContainerItemProxy section */

/* Begin PBXCopyFilesBuildPhase section */
		FE4CEEEF1E76D57900B99CBC /* Embed Frameworks */ = {
			isa = PBXCopyFilesBuildPhase;
			buildActionMask = 2147483647;
			dstPath = "";
			dstSubfolderSpec = 10;
			files = (
				FE4CEEEC1E76D57900B99CBC /* NavitiaAccess.framework in Embed Frameworks */,
			);
			name = "Embed Frameworks";
			runOnlyForDeploymentPostprocessing = 0;
		};
/* End PBXCopyFilesBuildPhase section */

/* Begin PBXFileReference section */
		FE4CEEE51E76D55C00B99CBC /* NavitiaAccess.xcodeproj */ = {isa = PBXFileReference; lastKnownFileType = "wrapper.pb-project"; name = NavitiaAccess.xcodeproj; path = ../NavitiaAccess/NavitiaAccess.xcodeproj; sourceTree = "<group>"; };
		FE68BC561E7BED0C00D9F9A4 /* AnotherViewController.swift */ = {isa = PBXFileReference; fileEncoding = 4; lastKnownFileType = sourcecode.swift; path = AnotherViewController.swift; sourceTree = "<group>"; };
		FEE3DDCE1E71646C00B278F4 /* PickItWhenIt.app */ = {isa = PBXFileReference; explicitFileType = wrapper.application; includeInIndex = 0; path = PickItWhenIt.app; sourceTree = BUILT_PRODUCTS_DIR; };
		FEE3DDD11E71646C00B278F4 /* AppDelegate.swift */ = {isa = PBXFileReference; lastKnownFileType = sourcecode.swift; path = AppDelegate.swift; sourceTree = "<group>"; };
		FEE3DDD31E71646C00B278F4 /* ViewController.swift */ = {isa = PBXFileReference; lastKnownFileType = sourcecode.swift; path = ViewController.swift; sourceTree = "<group>"; };
		FEE3DDD61E71646C00B278F4 /* Base */ = {isa = PBXFileReference; lastKnownFileType = file.storyboard; name = Base; path = Base.lproj/Main.storyboard; sourceTree = "<group>"; };
		FEE3DDD81E71646C00B278F4 /* Assets.xcassets */ = {isa = PBXFileReference; lastKnownFileType = folder.assetcatalog; path = Assets.xcassets; sourceTree = "<group>"; };
		FEE3DDDB1E71646C00B278F4 /* Base */ = {isa = PBXFileReference; lastKnownFileType = file.storyboard; name = Base; path = Base.lproj/LaunchScreen.storyboard; sourceTree = "<group>"; };
		FEE3DDDD1E71646C00B278F4 /* Info.plist */ = {isa = PBXFileReference; lastKnownFileType = text.plist.xml; path = Info.plist; sourceTree = "<group>"; };
/* End PBXFileReference section */

/* Begin PBXFrameworksBuildPhase section */
		FEE3DDCB1E71646C00B278F4 /* Frameworks */ = {
			isa = PBXFrameworksBuildPhase;
			buildActionMask = 2147483647;
			files = (
				FE4CEEEB1E76D57900B99CBC /* NavitiaAccess.framework in Frameworks */,
			);
			runOnlyForDeploymentPostprocessing = 0;
		};
/* End PBXFrameworksBuildPhase section */

/* Begin PBXGroup section */
		FE4CEEE61E76D55C00B99CBC /* Products */ = {
			isa = PBXGroup;
			children = (
				FE4CEEEA1E76D55D00B99CBC /* NavitiaAccess.framework */,
			);
			name = Products;
			sourceTree = "<group>";
		};
		FEE3DDC51E71646C00B278F4 = {
			isa = PBXGroup;
			children = (
				FE4CEEE51E76D55C00B99CBC /* NavitiaAccess.xcodeproj */,
				FEE3DDD01E71646C00B278F4 /* PickItWhenIt */,
				FEE3DDCF1E71646C00B278F4 /* Products */,
			);
			sourceTree = "<group>";
		};
		FEE3DDCF1E71646C00B278F4 /* Products */ = {
			isa = PBXGroup;
			children = (
				FEE3DDCE1E71646C00B278F4 /* PickItWhenIt.app */,
			);
			name = Products;
			sourceTree = "<group>";
		};
		FEE3DDD01E71646C00B278F4 /* PickItWhenIt */ = {
			isa = PBXGroup;
			children = (
				FEE3DDD11E71646C00B278F4 /* AppDelegate.swift */,
				FEE3DDD31E71646C00B278F4 /* ViewController.swift */,
				FEE3DDD51E71646C00B278F4 /* Main.storyboard */,
				FEE3DDD81E71646C00B278F4 /* Assets.xcassets */,
				FEE3DDDA1E71646C00B278F4 /* LaunchScreen.storyboard */,
				FEE3DDDD1E71646C00B278F4 /* Info.plist */,
				FE68BC561E7BED0C00D9F9A4 /* AnotherViewController.swift */,
			);
			path = PickItWhenIt;
			sourceTree = "<group>";
		};
/* End PBXGroup section */

/* Begin PBXNativeTarget section */
		FEE3DDCD1E71646C00B278F4 /* PickItWhenIt */ = {
			isa = PBXNativeTarget;
			buildConfigurationList = FEE3DDE01E71646C00B278F4 /* Build configuration list for PBXNativeTarget "PickItWhenIt" */;
			buildPhases = (
				FEE3DDCA1E71646C00B278F4 /* Sources */,
				FEE3DDCB1E71646C00B278F4 /* Frameworks */,
				FEE3DDCC1E71646C00B278F4 /* Resources */,
				FE4CEEEF1E76D57900B99CBC /* Embed Frameworks */,
			);
			buildRules = (
			);
			dependencies = (
				FE4CEEEE1E76D57900B99CBC /* PBXTargetDependency */,
			);
			name = PickItWhenIt;
			productName = PickItWhenIt;
			productReference = FEE3DDCE1E71646C00B278F4 /* PickItWhenIt.app */;
			productType = "com.apple.product-type.application";
		};
/* End PBXNativeTarget section */

/* Begin PBXProject section */
		FEE3DDC61E71646C00B278F4 /* Project object */ = {
			isa = PBXProject;
			attributes = {
				LastSwiftUpdateCheck = 0810;
				LastUpgradeCheck = 0810;
				ORGANIZATIONNAME = "Chakkra CHAK";
				TargetAttributes = {
					FEE3DDCD1E71646C00B278F4 = {
						CreatedOnToolsVersion = 8.1;
						DevelopmentTeam = AK7DPF549M;
						ProvisioningStyle = Automatic;
					};
				};
			};
			buildConfigurationList = FEE3DDC91E71646C00B278F4 /* Build configuration list for PBXProject "PickItWhenIt" */;
			compatibilityVersion = "Xcode 3.2";
			developmentRegion = English;
			hasScannedForEncodings = 0;
			knownRegions = (
				en,
				Base,
			);
			mainGroup = FEE3DDC51E71646C00B278F4;
			productRefGroup = FEE3DDCF1E71646C00B278F4 /* Products */;
			projectDirPath = "";
			projectReferences = (
				{
					ProductGroup = FE4CEEE61E76D55C00B99CBC /* Products */;
					ProjectRef = FE4CEEE51E76D55C00B99CBC /* NavitiaAccess.xcodeproj */;
				},
			);
			projectRoot = "";
			targets = (
				FEE3DDCD1E71646C00B278F4 /* PickItWhenIt */,
			);
		};
/* End PBXProject section */

/* Begin PBXReferenceProxy section */
		FE4CEEEA1E76D55D00B99CBC /* NavitiaAccess.framework */ = {
			isa = PBXReferenceProxy;
			fileType = wrapper.framework;
			path = NavitiaAccess.framework;
			remoteRef = FE4CEEE91E76D55D00B99CBC /* PBXContainerItemProxy */;
			sourceTree = BUILT_PRODUCTS_DIR;
		};
/* End PBXReferenceProxy section */

/* Begin PBXResourcesBuildPhase section */
		FEE3DDCC1E71646C00B278F4 /* Resources */ = {
			isa = PBXResourcesBuildPhase;
			buildActionMask = 2147483647;
			files = (
				FEE3DDDC1E71646C00B278F4 /* LaunchScreen.storyboard in Resources */,
				FEE3DDD91E71646C00B278F4 /* Assets.xcassets in Resources */,
				FEE3DDD71E71646C00B278F4 /* Main.storyboard in Resources */,
			);
			runOnlyForDeploymentPostprocessing = 0;
		};
/* End PBXResourcesBuildPhase section */

/* Begin PBXSourcesBuildPhase section */
		FEE3DDCA1E71646C00B278F4 /* Sources */ = {
			isa = PBXSourcesBuildPhase;
			buildActionMask = 2147483647;
			files = (
				FEE3DDD41E71646C00B278F4 /* ViewController.swift in Sources */,
				FEE3DDD21E71646C00B278F4 /* AppDelegate.swift in Sources */,
				FE68BC571E7BED0C00D9F9A4 /* AnotherViewController.swift in Sources */,
			);
			runOnlyForDeploymentPostprocessing = 0;
		};
/* End PBXSourcesBuildPhase section */

/* Begin PBXTargetDependency section */
		FE4CEEEE1E76D57900B99CBC /* PBXTargetDependency */ = {
			isa = PBXTargetDependency;
			name = NavitiaAccess;
			targetProxy = FE4CEEED1E76D57900B99CBC /* PBXContainerItemProxy */;
		};
/* End PBXTargetDependency section */

/* Begin PBXVariantGroup section */
		FEE3DDD51E71646C00B278F4 /* Main.storyboard */ = {
			isa = PBXVariantGroup;
			children = (
				FEE3DDD61E71646C00B278F4 /* Base */,
			);
			name = Main.storyboard;
			sourceTree = "<group>";
		};
		FEE3DDDA1E71646C00B278F4 /* LaunchScreen.storyboard */ = {
			isa = PBXVariantGroup;
			children = (
				FEE3DDDB1E71646C00B278F4 /* Base */,
			);
			name = LaunchScreen.storyboard;
			sourceTree = "<group>";
		};
/* End PBXVariantGroup section */

/* Begin XCBuildConfiguration section */
		FEE3DDDE1E71646C00B278F4 /* Debug */ = {
			isa = XCBuildConfiguration;
			buildSettings = {
				ALWAYS_SEARCH_USER_PATHS = NO;
				CLANG_ANALYZER_NONNULL = YES;
				CLANG_CXX_LANGUAGE_STANDARD = "gnu++0x";
				CLANG_CXX_LIBRARY = "libc++";
				CLANG_ENABLE_MODULES = YES;
				CLANG_ENABLE_OBJC_ARC = YES;
				CLANG_WARN_BOOL_CONVERSION = YES;
				CLANG_WARN_CONSTANT_CONVERSION = YES;
				CLANG_WARN_DIRECT_OBJC_ISA_USAGE = YES_ERROR;
				CLANG_WARN_DOCUMENTATION_COMMENTS = YES;
				CLANG_WARN_EMPTY_BODY = YES;
				CLANG_WARN_ENUM_CONVERSION = YES;
				CLANG_WARN_INFINITE_RECURSION = YES;
				CLANG_WARN_INT_CONVERSION = YES;
				CLANG_WARN_OBJC_ROOT_CLASS = YES_ERROR;
				CLANG_WARN_SUSPICIOUS_MOVES = YES;
				CLANG_WARN_UNREACHABLE_CODE = YES;
				CLANG_WARN__DUPLICATE_METHOD_MATCH = YES;
				"CODE_SIGN_IDENTITY[sdk=iphoneos*]" = "iPhone Developer";
				COPY_PHASE_STRIP = NO;
				DEBUG_INFORMATION_FORMAT = dwarf;
				ENABLE_STRICT_OBJC_MSGSEND = YES;
				ENABLE_TESTABILITY = YES;
				GCC_C_LANGUAGE_STANDARD = gnu99;
				GCC_DYNAMIC_NO_PIC = NO;
				GCC_NO_COMMON_BLOCKS = YES;
				GCC_OPTIMIZATION_LEVEL = 0;
				GCC_PREPROCESSOR_DEFINITIONS = (
					"DEBUG=1",
					"$(inherited)",
				);
				GCC_WARN_64_TO_32_BIT_CONVERSION = YES;
				GCC_WARN_ABOUT_RETURN_TYPE = YES_ERROR;
				GCC_WARN_UNDECLARED_SELECTOR = YES;
				GCC_WARN_UNINITIALIZED_AUTOS = YES_AGGRESSIVE;
				GCC_WARN_UNUSED_FUNCTION = YES;
				GCC_WARN_UNUSED_VARIABLE = YES;
				IPHONEOS_DEPLOYMENT_TARGET = 10.1;
				MTL_ENABLE_DEBUG_INFO = YES;
				ONLY_ACTIVE_ARCH = YES;
				SDKROOT = iphoneos;
				SWIFT_ACTIVE_COMPILATION_CONDITIONS = DEBUG;
				SWIFT_OPTIMIZATION_LEVEL = "-Onone";
			};
			name = Debug;
		};
		FEE3DDDF1E71646C00B278F4 /* Release */ = {
			isa = XCBuildConfiguration;
			buildSettings = {
				ALWAYS_SEARCH_USER_PATHS = NO;
				CLANG_ANALYZER_NONNULL = YES;
				CLANG_CXX_LANGUAGE_STANDARD = "gnu++0x";
				CLANG_CXX_LIBRARY = "libc++";
				CLANG_ENABLE_MODULES = YES;
				CLANG_ENABLE_OBJC_ARC = YES;
				CLANG_WARN_BOOL_CONVERSION = YES;
				CLANG_WARN_CONSTANT_CONVERSION = YES;
				CLANG_WARN_DIRECT_OBJC_ISA_USAGE = YES_ERROR;
				CLANG_WARN_DOCUMENTATION_COMMENTS = YES;
				CLANG_WARN_EMPTY_BODY = YES;
				CLANG_WARN_ENUM_CONVERSION = YES;
				CLANG_WARN_INFINITE_RECURSION = YES;
				CLANG_WARN_INT_CONVERSION = YES;
				CLANG_WARN_OBJC_ROOT_CLASS = YES_ERROR;
				CLANG_WARN_SUSPICIOUS_MOVES = YES;
				CLANG_WARN_UNREACHABLE_CODE = YES;
				CLANG_WARN__DUPLICATE_METHOD_MATCH = YES;
				"CODE_SIGN_IDENTITY[sdk=iphoneos*]" = "iPhone Developer";
				COPY_PHASE_STRIP = NO;
				DEBUG_INFORMATION_FORMAT = "dwarf-with-dsym";
				ENABLE_NS_ASSERTIONS = NO;
				ENABLE_STRICT_OBJC_MSGSEND = YES;
				GCC_C_LANGUAGE_STANDARD = gnu99;
				GCC_NO_COMMON_BLOCKS = YES;
				GCC_WARN_64_TO_32_BIT_CONVERSION = YES;
				GCC_WARN_ABOUT_RETURN_TYPE = YES_ERROR;
				GCC_WARN_UNDECLARED_SELECTOR = YES;
				GCC_WARN_UNINITIALIZED_AUTOS = YES_AGGRESSIVE;
				GCC_WARN_UNUSED_FUNCTION = YES;
				GCC_WARN_UNUSED_VARIABLE = YES;
				IPHONEOS_DEPLOYMENT_TARGET = 10.1;
				MTL_ENABLE_DEBUG_INFO = NO;
				SDKROOT = iphoneos;
				SWIFT_OPTIMIZATION_LEVEL = "-Owholemodule";
				VALIDATE_PRODUCT = YES;
			};
			name = Release;
		};
		FEE3DDE11E71646C00B278F4 /* Debug */ = {
			isa = XCBuildConfiguration;
			buildSettings = {
				ASSETCATALOG_COMPILER_APPICON_NAME = AppIcon;
				DEVELOPMENT_TEAM = AK7DPF549M;
				INFOPLIST_FILE = PickItWhenIt/Info.plist;
				LD_RUNPATH_SEARCH_PATHS = "$(inherited) @executable_path/Frameworks";
				PRODUCT_BUNDLE_IDENTIFIER = fr.canaltp.labs.pickitwhenit.PickItWhenIt;
				PRODUCT_NAME = "$(TARGET_NAME)";
				SWIFT_VERSION = 3.0;
			};
			name = Debug;
		};
		FEE3DDE21E71646C00B278F4 /* Release */ = {
			isa = XCBuildConfiguration;
			buildSettings = {
				ASSETCATALOG_COMPILER_APPICON_NAME = AppIcon;
				DEVELOPMENT_TEAM = AK7DPF549M;
				INFOPLIST_FILE = PickItWhenIt/Info.plist;
				LD_RUNPATH_SEARCH_PATHS = "$(inherited) @executable_path/Frameworks";
				PRODUCT_BUNDLE_IDENTIFIER = fr.canaltp.labs.pickitwhenit.PickItWhenIt;
				PRODUCT_NAME = "$(TARGET_NAME)";
				SWIFT_VERSION = 3.0;
			};
			name = Release;
		};
/* End XCBuildConfiguration section */

/* Begin XCConfigurationList section */
		FEE3DDC91E71646C00B278F4 /* Build configuration list for PBXProject "PickItWhenIt" */ = {
			isa = XCConfigurationList;
			buildConfigurations = (
				FEE3DDDE1E71646C00B278F4 /* Debug */,
				FEE3DDDF1E71646C00B278F4 /* Release */,
			);
			defaultConfigurationIsVisible = 0;
			defaultConfigurationName = Release;
		};
		FEE3DDE01E71646C00B278F4 /* Build configuration list for PBXNativeTarget "PickItWhenIt" */ = {
			isa = XCConfigurationList;
			buildConfigurations = (
				FEE3DDE11E71646C00B278F4 /* Debug */,
				FEE3DDE21E71646C00B278F4 /* Release */,
			);
			defaultConfigurationIsVisible = 0;
			defaultConfigurationName = Release;
		};
/* End XCConfigurationList section */
	};
	rootObject = FEE3DDC61E71646C00B278F4 /* Project object */;
}
